<?xml version="1.0" encoding="utf-8"?>
<Project ToolsVersion="4.0" xmlns="http://schemas.microsoft.com/developer/msbuild/2003">
  <ItemGroup>
    <Filter Include="Source Files">
      <UniqueIdentifier>{4FC737F1-C7A5-4376-A066-2A32D752A2FF}</UniqueIdentifier>
      <Extensions>cpp;c;cxx;def;odl;idl;hpj;bat;asm;asmx</Extensions>
    </Filter>
    <Filter Include="Header Files">
      <UniqueIdentifier>{93995380-89BD-4b04-88EB-625FBE52EBFB}</UniqueIdentifier>
      <Extensions>h;hpp;hxx;hm;inl;inc;xsd</Extensions>
    </Filter>
    <Filter Include="Resource Files">
      <UniqueIdentifier>{67DA6AB6-F800-4c08-8B7A-83BB121AAD01}</UniqueIdentifier>
      <Extensions>rc;ico;cur;bmp;dlg;rc2;rct;bin;rgs;gif;jpg;jpeg;jpe;resx</Extensions>
    </Filter>
  </ItemGroup>
  <ItemGroup>
    <ClInclude Include="include\zz_algebra.h">
      <Filter>Header Files</Filter>
    </ClInclude>
    <ClInclude Include="include\zz_animatable.h">
      <Filter>Header Files</Filter>
    </ClInclude>
    <ClInclude Include="include\zz_array.h">
      <Filter>Header Files</Filter>
    </ClInclude>
    <ClInclude Include="include\zz_assert.h">
      <Filter>Header Files</Filter>
    </ClInclude>
    <ClInclude Include="include\zz_autolock.h">
      <Filter>Header Files</Filter>
    </ClInclude>
    <ClInclude Include="include\zz_bone.h">
      <Filter>Header Files</Filter>
    </ClInclude>
    <ClInclude Include="include\zz_bvolume.h">
      <Filter>Header Files</Filter>
    </ClInclude>
    <ClInclude Include="include\zz_bvolume_obb.h">
      <Filter>Header Files</Filter>
    </ClInclude>
    <ClInclude Include="include\zz_camera.h">
      <Filter>Header Files</Filter>
    </ClInclude>
    <ClInclude Include="include\zz_camera_follow.h">
      <Filter>Header Files</Filter>
    </ClInclude>
    <ClInclude Include="include\zz_channel.h">
      <Filter>Header Files</Filter>
    </ClInclude>
    <ClInclude Include="include\zz_channel_position.h">
      <Filter>Header Files</Filter>
    </ClInclude>
    <ClInclude Include="include\zz_channel_rotation.h">
      <Filter>Header Files</Filter>
    </ClInclude>
    <ClInclude Include="include\zz_channel_x.h">
      <Filter>Header Files</Filter>
    </ClInclude>
    <ClInclude Include="include\zz_channel_xy.h">
      <Filter>Header Files</Filter>
    </ClInclude>
    <ClInclude Include="include\zz_critical_section.h">
      <Filter>Header Files</Filter>
    </ClInclude>
    <ClInclude Include="include\zz_cursor.h">
      <Filter>Header Files</Filter>
    </ClInclude>
    <ClInclude Include="include\zz_db.h">
      <Filter>Header Files</Filter>
    </ClInclude>
    <ClInclude Include="include\zz_device_resource.h">
      <Filter>Header Files</Filter>
    </ClInclude>
    <ClInclude Include="include\zz_dx_version.h">
      <Filter>Header Files</Filter>
    </ClInclude>
    <ClInclude Include="include\zz_error.h">
      <Filter>Header Files</Filter>
    </ClInclude>
    <ClInclude Include="include\zz_event.h">
      <Filter>Header Files</Filter>
    </ClInclude>
    <ClInclude Include="include\zz_font.h">
      <Filter>Header Files</Filter>
    </ClInclude>
    <ClInclude Include="include\zz_font_d3d.h">
      <Filter>Header Files</Filter>
    </ClInclude>
    <ClInclude Include="include\zz_font_texture.h">
      <Filter>Header Files</Filter>
    </ClInclude>
    <ClInclude Include="include\zz_font_texture_d3d.h">
      <Filter>Header Files</Filter>
    </ClInclude>
    <ClInclude Include="include\zz_gamma.h">
      <Filter>Header Files</Filter>
    </ClInclude>
    <ClInclude Include="include\zz_hash_table.h">
      <Filter>Header Files</Filter>
    </ClInclude>
    <ClInclude Include="include\zz_ik_limb.h">
      <Filter>Header Files</Filter>
    </ClInclude>
    <ClInclude Include="include\zz_index_buffer.h">
      <Filter>Header Files</Filter>
    </ClInclude>
    <ClInclude Include="include\zz_interface.h">
      <Filter>Header Files</Filter>
    </ClInclude>
    <ClInclude Include="include\zz_light.h">
      <Filter>Header Files</Filter>
    </ClInclude>
    <ClInclude Include="include\zz_light_direct.h">
      <Filter>Header Files</Filter>
    </ClInclude>
    <ClInclude Include="include\zz_light_omni.h">
      <Filter>Header Files</Filter>
    </ClInclude>
    <ClInclude Include="include\zz_light_point.h">
      <Filter>Header Files</Filter>
    </ClInclude>
    <ClInclude Include="include\zz_list.h">
      <Filter>Header Files</Filter>
    </ClInclude>
    <ClInclude Include="include\zz_lod.h">
      <Filter>Header Files</Filter>
    </ClInclude>
    <ClInclude Include="include\zz_log.h">
      <Filter>Header Files</Filter>
    </ClInclude>
    <ClInclude Include="include\zz_macro.h">
      <Filter>Header Files</Filter>
    </ClInclude>
    <ClInclude Include="include\zz_manager.h">
      <Filter>Header Files</Filter>
    </ClInclude>
    <ClInclude Include="include\zz_manager_font.h">
      <Filter>Header Files</Filter>
    </ClInclude>
    <ClInclude Include="include\zz_manager_mesh_ishared.h">
      <Filter>Header Files</Filter>
    </ClInclude>
    <ClInclude Include="include\zz_manager_sound.h">
      <Filter>Header Files</Filter>
    </ClInclude>
    <ClInclude Include="include\zz_manager_texture.h">
      <Filter>Header Files</Filter>
    </ClInclude>
    <ClInclude Include="include\zz_manager_visible.h">
      <Filter>Header Files</Filter>
    </ClInclude>
    <ClInclude Include="include\zz_material.h">
      <Filter>Header Files</Filter>
    </ClInclude>
    <ClInclude Include="include\zz_material_colormap.h">
      <Filter>Header Files</Filter>
    </ClInclude>
    <ClInclude Include="include\zz_material_ocean.h">
      <Filter>Header Files</Filter>
    </ClInclude>
    <ClInclude Include="include\zz_material_sky.h">
      <Filter>Header Files</Filter>
    </ClInclude>
    <ClInclude Include="include\zz_material_terrain.h">
      <Filter>Header Files</Filter>
    </ClInclude>
    <ClInclude Include="include\zz_mem.h">
      <Filter>Header Files</Filter>
    </ClInclude>
    <ClInclude Include="include\zz_mesh.h">
      <Filter>Header Files</Filter>
    </ClInclude>
    <ClInclude Include="include\zz_mesh_ishared.h">
      <Filter>Header Files</Filter>
    </ClInclude>
    <ClInclude Include="include\zz_mesh_ocean.h">
      <Filter>Header Files</Filter>
    </ClInclude>
    <ClInclude Include="include\zz_mesh_terrain.h">
      <Filter>Header Files</Filter>
    </ClInclude>
    <ClInclude Include="include\zz_mesh_tool.h">
      <Filter>Header Files</Filter>
    </ClInclude>
    <ClInclude Include="include\zz_minmax.h">
      <Filter>Header Files</Filter>
    </ClInclude>
    <ClInclude Include="include\zz_misc.h">
      <Filter>Header Files</Filter>
    </ClInclude>
    <ClInclude Include="include\zz_mode.h">
      <Filter>Header Files</Filter>
    </ClInclude>
    <ClInclude Include="include\zz_model.h">
      <Filter>Header Files</Filter>
    </ClInclude>
    <ClInclude Include="include\zz_morpher.h">
      <Filter>Header Files</Filter>
    </ClInclude>
    <ClInclude Include="include\zz_motion.h">
      <Filter>Header Files</Filter>
    </ClInclude>
    <ClInclude Include="include\zz_motion_controller.h">
      <Filter>Header Files</Filter>
    </ClInclude>
    <ClInclude Include="include\zz_motion_mixer.h">
      <Filter>Header Files</Filter>
    </ClInclude>
    <ClInclude Include="include\zz_motion_tool.h">
      <Filter>Header Files</Filter>
    </ClInclude>
    <ClInclude Include="include\zz_node.h">
      <Filter>Header Files</Filter>
    </ClInclude>
    <ClInclude Include="include\zz_node_type.h">
      <Filter>Header Files</Filter>
    </ClInclude>
    <ClInclude Include="include\zz_ocean_block.h">
      <Filter>Header Files</Filter>
    </ClInclude>
    <ClInclude Include="include\zz_octree.h">
      <Filter>Header Files</Filter>
    </ClInclude>
    <ClInclude Include="include\zz_os.h">
      <Filter>Header Files</Filter>
    </ClInclude>
    <ClInclude Include="include\zz_oskernel.h">
      <Filter>Header Files</Filter>
    </ClInclude>
    <ClInclude Include="include\zz_particle.h">
      <Filter>Header Files</Filter>
    </ClInclude>
    <ClInclude Include="include\zz_particle_emitter.h">
      <Filter>Header Files</Filter>
    </ClInclude>
    <ClInclude Include="include\zz_particle_event.h">
      <Filter>Header Files</Filter>
    </ClInclude>
    <ClInclude Include="include\zz_particle_event_sequence.h">
      <Filter>Header Files</Filter>
    </ClInclude>
    <ClInclude Include="include\zz_path.h">
      <Filter>Header Files</Filter>
    </ClInclude>
    <ClInclude Include="include\zz_pointer.h">
      <Filter>Header Files</Filter>
    </ClInclude>
    <ClInclude Include="include\zz_pool.h">
      <Filter>Header Files</Filter>
    </ClInclude>
    <ClInclude Include="include\zz_primitive.h">
      <Filter>Header Files</Filter>
    </ClInclude>
    <ClInclude Include="include\zz_profiler.h">
      <Filter>Header Files</Filter>
    </ClInclude>
    <ClInclude Include="include\zz_recycling_array.h">
      <Filter>Header Files</Filter>
    </ClInclude>
    <ClInclude Include="include\zz_refcount.h">
      <Filter>Header Files</Filter>
    </ClInclude>
    <ClInclude Include="include\zz_render_state.h">
      <Filter>Header Files</Filter>
    </ClInclude>
    <ClInclude Include="include\zz_renderer.h">
      <Filter>Header Files</Filter>
    </ClInclude>
    <ClInclude Include="include\zz_renderer_d3d.h">
      <Filter>Header Files</Filter>
    </ClInclude>
    <ClInclude Include="include\zz_scene.h">
      <Filter>Header Files</Filter>
    </ClInclude>
    <ClInclude Include="include\zz_scene_octree.h">
      <Filter>Header Files</Filter>
    </ClInclude>
    <ClInclude Include="include\zz_script.h">
      <Filter>Header Files</Filter>
    </ClInclude>
    <ClInclude Include="include\zz_script_lua.h">
      <Filter>Header Files</Filter>
    </ClInclude>
    <ClInclude Include="include\zz_script_simple.h">
      <Filter>Header Files</Filter>
    </ClInclude>
    <ClInclude Include="include\zz_sfx.h">
      <Filter>Header Files</Filter>
    </ClInclude>
    <ClInclude Include="include\zz_shader.h">
      <Filter>Header Files</Filter>
    </ClInclude>
    <ClInclude Include="include\zz_shader_terrain.h">
      <Filter>Header Files</Filter>
    </ClInclude>
    <ClInclude Include="include\zz_skeleton.h">
      <Filter>Header Files</Filter>
    </ClInclude>
    <ClInclude Include="include\zz_sky.h">
      <Filter>Header Files</Filter>
    </ClInclude>
    <ClInclude Include="include\zz_sound.h">
      <Filter>Header Files</Filter>
    </ClInclude>
    <ClInclude Include="include\zz_string.h">
      <Filter>Header Files</Filter>
    </ClInclude>
    <ClInclude Include="include\zz_system.h">
      <Filter>Header Files</Filter>
    </ClInclude>
    <ClInclude Include="include\zz_targa.h">
      <Filter>Header Files</Filter>
    </ClInclude>
    <ClInclude Include="include\zz_terrain.h">
      <Filter>Header Files</Filter>
    </ClInclude>
    <ClInclude Include="include\zz_terrain_block.h">
      <Filter>Header Files</Filter>
    </ClInclude>
    <ClInclude Include="include\zz_texture.h">
      <Filter>Header Files</Filter>
    </ClInclude>
    <ClInclude Include="include\zz_thread.h">
      <Filter>Header Files</Filter>
    </ClInclude>
    <ClInclude Include="include\zz_tier0.h">
      <Filter>Header Files</Filter>
    </ClInclude>
    <ClInclude Include="include\zz_timer.h">
      <Filter>Header Files</Filter>
    </ClInclude>
    <ClInclude Include="include\zz_trail.h">
      <Filter>Header Files</Filter>
    </ClInclude>
    <ClInclude Include="include\zz_tree.h">
      <Filter>Header Files</Filter>
    </ClInclude>
    <ClInclude Include="include\zz_type.h">
      <Filter>Header Files</Filter>
    </ClInclude>
    <ClInclude Include="include\zz_unit_test.h">
      <Filter>Header Files</Filter>
    </ClInclude>
    <ClInclude Include="include\zz_vertex_buffer.h">
      <Filter>Header Files</Filter>
    </ClInclude>
    <ClInclude Include="include\zz_vertex_format.h">
      <Filter>Header Files</Filter>
    </ClInclude>
    <ClInclude Include="include\zz_vfs.h">
      <Filter>Header Files</Filter>
    </ClInclude>
    <ClInclude Include="include\zz_vfs_local.h">
      <Filter>Header Files</Filter>
    </ClInclude>
    <ClInclude Include="include\zz_vfs_mem.h">
      <Filter>Header Files</Filter>
    </ClInclude>
    <ClInclude Include="include\zz_vfs_pkg.h">
      <Filter>Header Files</Filter>
    </ClInclude>
    <ClInclude Include="include\zz_vfs_thread.h">
      <Filter>Header Files</Filter>
    </ClInclude>
    <ClInclude Include="include\zz_vfs_zip.h">
      <Filter>Header Files</Filter>
    </ClInclude>
    <ClInclude Include="include\zz_view.h">
      <Filter>Header Files</Filter>
    </ClInclude>
    <ClInclude Include="include\zz_view_d3d.h">
      <Filter>Header Files</Filter>
    </ClInclude>
    <ClInclude Include="include\zz_viewfrustum.h">
      <Filter>Header Files</Filter>
    </ClInclude>
    <ClInclude Include="include\zz_visible.h">
      <Filter>Header Files</Filter>
    </ClInclude>
    <ClInclude Include="include\zz_waiting_line.h">
      <Filter>Header Files</Filter>
    </ClInclude>
    <ClInclude Include="resource.h">
      <Filter>Header Files</Filter>
    </ClInclude>
  </ItemGroup>
  <ItemGroup>
    <None Include="bitmap1.bmp">
      <Filter>Resource Files</Filter>
    </None>
    <None Include="include\zz_build_count.lua">
      <Filter>Header Files</Filter>
    </None>
    <None Include="include\zz_script_lua.inc">
      <Filter>Header Files</Filter>
    </None>
    <None Include="include\zz_version_info.inc">
      <Filter>Header Files</Filter>
    </None>
  </ItemGroup>
  <ItemGroup>
    <ClCompile Include="src\zz_algebra.cpp">
      <Filter>Source Files</Filter>
    </ClCompile>
    <ClCompile Include="src\zz_animatable.cpp">
      <Filter>Source Files</Filter>
    </ClCompile>
    <ClCompile Include="src\zz_assert.cpp">
      <Filter>Source Files</Filter>
    </ClCompile>
    <ClCompile Include="src\zz_bone.cpp">
      <Filter>Source Files</Filter>
    </ClCompile>
    <ClCompile Include="src\zz_bvolume.cpp">
      <Filter>Source Files</Filter>
    </ClCompile>
    <ClCompile Include="src\zz_bvolume_obb.cpp">
      <Filter>Source Files</Filter>
    </ClCompile>
    <ClCompile Include="src\zz_camera.cpp">
      <Filter>Source Files</Filter>
    </ClCompile>
    <ClCompile Include="src\zz_camera_follow.cpp">
      <Filter>Source Files</Filter>
    </ClCompile>
    <ClCompile Include="src\zz_channel.cpp">
      <Filter>Source Files</Filter>
    </ClCompile>
    <ClCompile Include="src\zz_channel_position.cpp">
      <Filter>Source Files</Filter>
    </ClCompile>
    <ClCompile Include="src\zz_channel_rotation.cpp">
      <Filter>Source Files</Filter>
    </ClCompile>
    <ClCompile Include="src\zz_channel_x.cpp">
      <Filter>Source Files</Filter>
    </ClCompile>
    <ClCompile Include="src\zz_channel_xy.cpp">
      <Filter>Source Files</Filter>
    </ClCompile>
    <ClCompile Include="src\zz_cursor.cpp">
      <Filter>Source Files</Filter>
    </ClCompile>
    <ClCompile Include="src\zz_db.cpp">
      <Filter>Source Files</Filter>
    </ClCompile>
    <ClCompile Include="src\zz_dx_version.cpp">
      <Filter>Source Files</Filter>
    </ClCompile>
    <ClCompile Include="src\zz_error.cpp">
      <Filter>Source Files</Filter>
    </ClCompile>
    <ClCompile Include="src\zz_event.cpp">
      <Filter>Source Files</Filter>
    </ClCompile>
    <ClCompile Include="src\zz_font.cpp">
      <Filter>Source Files</Filter>
    </ClCompile>
    <ClCompile Include="src\zz_font_d3d.cpp">
      <Filter>Source Files</Filter>
    </ClCompile>
    <ClCompile Include="src\zz_font_texture.cpp">
      <Filter>Source Files</Filter>
    </ClCompile>
    <ClCompile Include="src\zz_font_texture_d3d.cpp">
      <Filter>Source Files</Filter>
    </ClCompile>
    <ClCompile Include="src\zz_gamma.cpp">
      <Filter>Source Files</Filter>
    </ClCompile>
    <ClCompile Include="src\zz_ik_limb.cpp">
      <Filter>Source Files</Filter>
    </ClCompile>
    <ClCompile Include="src\zz_index_buffer.cpp">
      <Filter>Source Files</Filter>
    </ClCompile>
    <ClCompile Include="src\zz_interface.cpp">
      <Filter>Source Files</Filter>
    </ClCompile>
    <ClCompile Include="src\zz_light.cpp">
      <Filter>Source Files</Filter>
    </ClCompile>
    <ClCompile Include="src\zz_light_direct.cpp">
      <Filter>Source Files</Filter>
    </ClCompile>
    <ClCompile Include="src\zz_light_omni.cpp">
      <Filter>Source Files</Filter>
    </ClCompile>
    <ClCompile Include="src\zz_light_point.cpp">
      <Filter>Source Files</Filter>
    </ClCompile>
    <ClCompile Include="src\zz_lod.cpp">
      <Filter>Source Files</Filter>
    </ClCompile>
    <ClCompile Include="src\zz_log.cpp">
      <Filter>Source Files</Filter>
    </ClCompile>
    <ClCompile Include="src\zz_main.cpp">
      <Filter>Source Files</Filter>
    </ClCompile>
    <ClCompile Include="src\zz_manager.cpp">
      <Filter>Source Files</Filter>
    </ClCompile>
    <ClCompile Include="src\zz_manager_font.cpp">
      <Filter>Source Files</Filter>
    </ClCompile>
    <ClCompile Include="src\zz_manager_mesh_ishared.cpp">
      <Filter>Source Files</Filter>
    </ClCompile>
    <ClCompile Include="src\zz_manager_sound.cpp">
      <Filter>Source Files</Filter>
    </ClCompile>
    <ClCompile Include="src\zz_manager_texture.cpp">
      <Filter>Source Files</Filter>
    </ClCompile>
    <ClCompile Include="src\zz_manager_visible.cpp">
      <Filter>Source Files</Filter>
    </ClCompile>
    <ClCompile Include="src\zz_material.cpp">
      <Filter>Source Files</Filter>
    </ClCompile>
    <ClCompile Include="src\zz_material_colormap.cpp">
      <Filter>Source Files</Filter>
    </ClCompile>
    <ClCompile Include="src\zz_material_ocean.cpp">
      <Filter>Source Files</Filter>
    </ClCompile>
    <ClCompile Include="src\zz_material_sky.cpp">
      <Filter>Source Files</Filter>
    </ClCompile>
    <ClCompile Include="src\zz_material_terrain.cpp">
      <Filter>Source Files</Filter>
    </ClCompile>
    <ClCompile Include="src\zz_mem.cpp">
      <Filter>Source Files</Filter>
    </ClCompile>
    <ClCompile Include="src\zz_mesh.cpp">
      <Filter>Source Files</Filter>
    </ClCompile>
    <ClCompile Include="src\zz_mesh_ishared.cpp">
      <Filter>Source Files</Filter>
    </ClCompile>
    <ClCompile Include="src\zz_mesh_ocean.cpp">
      <Filter>Source Files</Filter>
    </ClCompile>
    <ClCompile Include="src\zz_mesh_terrain.cpp">
      <Filter>Source Files</Filter>
    </ClCompile>
    <ClCompile Include="src\zz_mesh_tool.cpp">
      <Filter>Source Files</Filter>
    </ClCompile>
    <ClCompile Include="src\zz_misc.cpp">
      <Filter>Source Files</Filter>
    </ClCompile>
    <ClCompile Include="src\zz_model.cpp">
      <Filter>Source Files</Filter>
    </ClCompile>
    <ClCompile Include="src\zz_morpher.cpp">
      <Filter>Source Files</Filter>
    </ClCompile>
    <ClCompile Include="src\zz_motion.cpp">
      <Filter>Source Files</Filter>
    </ClCompile>
    <ClCompile Include="src\zz_motion_controller.cpp">
      <Filter>Source Files</Filter>
    </ClCompile>
    <ClCompile Include="src\zz_motion_mixer.cpp">
      <Filter>Source Files</Filter>
    </ClCompile>
    <ClCompile Include="src\zz_motion_tool.cpp">
      <Filter>Source Files</Filter>
    </ClCompile>
    <ClCompile Include="src\zz_node.cpp">
      <Filter>Source Files</Filter>
    </ClCompile>
    <ClCompile Include="src\zz_node_type.cpp">
      <Filter>Source Files</Filter>
    </ClCompile>
    <ClCompile Include="src\zz_ocean_block.cpp">
      <Filter>Source Files</Filter>
    </ClCompile>
    <ClCompile Include="src\zz_octree.cpp">
      <Filter>Source Files</Filter>
    </ClCompile>
    <ClCompile Include="src\zz_os.cpp">
      <Filter>Source Files</Filter>
    </ClCompile>
    <ClCompile Include="src\zz_particle.cpp">
      <Filter>Source Files</Filter>
    </ClCompile>
    <ClCompile Include="src\zz_particle_emitter.cpp">
      <Filter>Source Files</Filter>
    </ClCompile>
    <ClCompile Include="src\zz_particle_event.cpp">
      <Filter>Source Files</Filter>
    </ClCompile>
    <ClCompile Include="src\zz_particle_event_sequence.cpp">
      <Filter>Source Files</Filter>
    </ClCompile>
    <ClCompile Include="src\zz_path.cpp">
      <Filter>Source Files</Filter>
    </ClCompile>
    <ClCompile Include="src\zz_primitive.cpp">
      <Filter>Source Files</Filter>
    </ClCompile>
    <ClCompile Include="src\zz_profiler.cpp">
      <Filter>Source Files</Filter>
    </ClCompile>
    <ClCompile Include="src\zz_render_state.cpp">
      <Filter>Source Files</Filter>
    </ClCompile>
    <ClCompile Include="src\zz_renderer.cpp">
      <Filter>Source Files</Filter>
    </ClCompile>
    <ClCompile Include="src\zz_renderer_d3d.cpp">
      <Filter>Source Files</Filter>
    </ClCompile>
    <ClCompile Include="src\zz_resource.cpp">
      <Filter>Source Files</Filter>
    </ClCompile>
    <ClCompile Include="src\zz_scene.cpp">
      <Filter>Source Files</Filter>
    </ClCompile>
    <ClCompile Include="src\zz_scene_octree.cpp">
      <Filter>Source Files</Filter>
    </ClCompile>
    <ClCompile Include="src\zz_script.cpp">
      <Filter>Source Files</Filter>
    </ClCompile>
    <ClCompile Include="src\zz_script_lua.cpp">
      <Filter>Source Files</Filter>
    </ClCompile>
    <ClCompile Include="src\zz_script_simple.cpp">
      <Filter>Source Files</Filter>
    </ClCompile>
    <ClCompile Include="src\zz_sfx.cpp">
      <Filter>Source Files</Filter>
    </ClCompile>
    <ClCompile Include="src\zz_shader.cpp">
      <Filter>Source Files</Filter>
    </ClCompile>
    <ClCompile Include="src\zz_skeleton.cpp">
      <Filter>Source Files</Filter>
    </ClCompile>
    <ClCompile Include="src\zz_sky.cpp">
      <Filter>Source Files</Filter>
    </ClCompile>
    <ClCompile Include="src\zz_sound.cpp">
      <Filter>Source Files</Filter>
    </ClCompile>
    <ClCompile Include="src\zz_string.cpp">
      <Filter>Source Files</Filter>
    </ClCompile>
    <ClCompile Include="src\zz_system.cpp">
      <Filter>Source Files</Filter>
    </ClCompile>
    <ClCompile Include="src\zz_targa.cpp">
      <Filter>Source Files</Filter>
    </ClCompile>
    <ClCompile Include="src\zz_terrain.cpp">
      <Filter>Source Files</Filter>
    </ClCompile>
    <ClCompile Include="src\zz_terrain_block.cpp">
      <Filter>Source Files</Filter>
    </ClCompile>
    <ClCompile Include="src\zz_texture.cpp">
      <Filter>Source Files</Filter>
    </ClCompile>
    <ClCompile Include="src\zz_thread.cpp">
      <Filter>Source Files</Filter>
    </ClCompile>
    <ClCompile Include="src\zz_timer.cpp">
      <Filter>Source Files</Filter>
    </ClCompile>
    <ClCompile Include="src\zz_trail.cpp">
      <Filter>Source Files</Filter>
    </ClCompile>
    <ClCompile Include="src\zz_unit_test.cpp">
      <Filter>Source Files</Filter>
    </ClCompile>
    <ClCompile Include="src\zz_vertex_buffer.cpp">
      <Filter>Source Files</Filter>
    </ClCompile>
    <ClCompile Include="src\zz_vfs.cpp">
      <Filter>Source Files</Filter>
    </ClCompile>
    <ClCompile Include="src\zz_vfs_local.cpp">
      <Filter>Source Files</Filter>
    </ClCompile>
    <ClCompile Include="src\zz_vfs_mem.cpp">
      <Filter>Source Files</Filter>
    </ClCompile>
    <ClCompile Include="src\zz_vfs_pkg.cpp">
      <Filter>Source Files</Filter>
    </ClCompile>
    <ClCompile Include="src\zz_vfs_thread.cpp">
      <Filter>Source Files</Filter>
    </ClCompile>
    <ClCompile Include="src\zz_vfs_zip.cpp">
      <Filter>Source Files</Filter>
    </ClCompile>
    <ClCompile Include="src\zz_view.cpp">
      <Filter>Source Files</Filter>
    </ClCompile>
    <ClCompile Include="src\zz_view_d3d.cpp">
      <Filter>Source Files</Filter>
    </ClCompile>
    <ClCompile Include="src\zz_visible.cpp">
      <Filter>Source Files</Filter>
    </ClCompile>
    <ClCompile Include="src\zz_waiting_line.cpp">
      <Filter>Source Files</Filter>
    </ClCompile>
  </ItemGroup>
  <ItemGroup>
    <ResourceCompile Include="dialog.rc">
      <Filter>Resource Files</Filter>
    </ResourceCompile>
  </ItemGroup>
</Project>