<?xml version="1.0" encoding="utf-8"?>
<Project ToolsVersion="4.0" xmlns="http://schemas.microsoft.com/developer/msbuild/2003">
  <ItemGroup>
    <Filter Include="XML Files">
      <UniqueIdentifier>{4ee7a7ab-ba67-459a-8a54-b41abccd0d5e}</UniqueIdentifier>
    </Filter>
    <Filter Include="Source Files">
      <UniqueIdentifier>{c0b42fd6-d400-40d0-a548-b8dc0a4875c8}</UniqueIdentifier>
    </Filter>
    <Filter Include="Header Files">
      <UniqueIdentifier>{5ef1fc56-066d-4359-bb5f-598eee8847a4}</UniqueIdentifier>
    </Filter>
  </ItemGroup>
  <ItemGroup>
    <None Include="xml\DlgAvata.xml">
      <Filter>XML Files</Filter>
    </None>
    <None Include="xml\DlgBase.xml">
      <Filter>XML Files</Filter>
    </None>
    <None Include="xml\DlgChat.xml">
      <Filter>XML Files</Filter>
    </None>
    <None Include="xml\DlgDeal.xml">
      <Filter>XML Files</Filter>
    </None>
    <None Include="xml\DlgDrop.xml">
      <Filter>XML Files</Filter>
    </None>
    <None Include="xml\DlgExchange.xml">
      <Filter>XML Files</Filter>
    </None>
    <None Include="xml\DlgInven.xml">
      <Filter>XML Files</Filter>
    </None>
    <None Include="xml\DlgMinimap.xml">
      <Filter>XML Files</Filter>
    </None>
    <None Include="xml\DlgMsg.xml">
      <Filter>XML Files</Filter>
    </None>
    <None Include="xml\DlgQuery.xml">
      <Filter>XML Files</Filter>
    </None>
    <None Include="xml\DlgQuickBar.xml">
      <Filter>XML Files</Filter>
    </None>
    <None Include="xml\DlgRestart.xml">
      <Filter>XML Files</Filter>
    </None>
    <None Include="xml\DlgStore.xml">
      <Filter>XML Files</Filter>
    </None>
    <None Include="xml\DlgSystem.xml">
      <Filter>XML Files</Filter>
    </None>
    <None Include="xml\DlgTarget.xml">
      <Filter>XML Files</Filter>
    </None>
  </ItemGroup>
  <ItemGroup>
    <ClCompile Include="src\ActionEvent.cpp">
      <Filter>Source Files</Filter>
    </ClCompile>
    <ClCompile Include="src\ActionListenerList.cpp">
      <Filter>Source Files</Filter>
    </ClCompile>
    <ClCompile Include="src\CEventHandler.cpp">
      <Filter>Source Files</Filter>
    </ClCompile>
    <ClCompile Include="src\CToolTip.cpp">
      <Filter>Source Files</Filter>
    </ClCompile>
    <ClCompile Include="src\ImageIDMgr.cpp">
      <Filter>Source Files</Filter>
    </ClCompile>
    <ClCompile Include="src\ImeView.cpp">
      <Filter>Source Files</Filter>
    </ClCompile>
    <ClCompile Include="src\ITControl.cpp">
      <Filter>Source Files</Filter>
    </ClCompile>
    <ClCompile Include="src\JComboBox.cpp">
      <Filter>Source Files</Filter>
    </ClCompile>
    <ClCompile Include="src\JContainer.cpp">
      <Filter>Source Files</Filter>
    </ClCompile>
    <ClCompile Include="src\JLetter.cpp">
      <Filter>Source Files</Filter>
    </ClCompile>
    <ClCompile Include="src\JListBox.cpp">
      <Filter>Source Files</Filter>
    </ClCompile>
    <ClCompile Include="src\JString.cpp">
      <Filter>Source Files</Filter>
    </ClCompile>
    <ClCompile Include="src\JStringParser.cpp">
      <Filter>Source Files</Filter>
    </ClCompile>
    <ClCompile Include="src\JTable.cpp">
      <Filter>Source Files</Filter>
    </ClCompile>
    <ClCompile Include="src\ResourceMgr.cpp">
      <Filter>Source Files</Filter>
    </ClCompile>
    <ClCompile Include="src\SinglelineString.cpp">
      <Filter>Source Files</Filter>
    </ClCompile>
    <ClCompile Include="src\SplitHangul.cpp">
      <Filter>Source Files</Filter>
    </ClCompile>
    <ClCompile Include="src\stdafx.cpp">
      <Filter>Source Files</Filter>
    </ClCompile>
    <ClCompile Include="src\TabbedPane.cpp">
      <Filter>Source Files</Filter>
    </ClCompile>
    <ClCompile Include="src\TAnimation.cpp">
      <Filter>Source Files</Filter>
    </ClCompile>
    <ClCompile Include="src\TButton.cpp">
      <Filter>Source Files</Filter>
    </ClCompile>
    <ClCompile Include="src\TCandidateWindow.cpp">
      <Filter>Source Files</Filter>
    </ClCompile>
    <ClCompile Include="src\TCandidateWindowHanja.cpp">
      <Filter>Source Files</Filter>
    </ClCompile>
    <ClCompile Include="src\TCandidateWindowList.cpp">
      <Filter>Source Files</Filter>
    </ClCompile>
    <ClCompile Include="src\TCaption.cpp">
      <Filter>Source Files</Filter>
    </ClCompile>
    <ClCompile Include="src\TCheckBox.cpp">
      <Filter>Source Files</Filter>
    </ClCompile>
    <ClCompile Include="src\TComboBox.cpp">
      <Filter>Source Files</Filter>
    </ClCompile>
    <ClCompile Include="src\TCommand.cpp">
      <Filter>Source Files</Filter>
    </ClCompile>
    <ClCompile Include="src\TCommandQ.cpp">
      <Filter>Source Files</Filter>
    </ClCompile>
    <ClCompile Include="src\TContainer.cpp">
      <Filter>Source Files</Filter>
    </ClCompile>
    <ClCompile Include="src\TContainerItem.cpp">
      <Filter>Source Files</Filter>
    </ClCompile>
    <ClCompile Include="src\TControlMgr.cpp">
      <Filter>Source Files</Filter>
    </ClCompile>
    <ClCompile Include="src\TDefaultListCellRenderer.cpp">
      <Filter>Source Files</Filter>
    </ClCompile>
    <ClCompile Include="src\TDefaultTreeModel.cpp">
      <Filter>Source Files</Filter>
    </ClCompile>
    <ClCompile Include="src\TDefaultTreeNode.cpp">
      <Filter>Source Files</Filter>
    </ClCompile>
    <ClCompile Include="src\TDefaultTreeNodeRenderer.cpp">
      <Filter>Source Files</Filter>
    </ClCompile>
    <ClCompile Include="src\TDialog.cpp">
      <Filter>Source Files</Filter>
    </ClCompile>
    <ClCompile Include="src\TEditBox.cpp">
      <Filter>Source Files</Filter>
    </ClCompile>
    <ClCompile Include="src\TFrame.cpp">
      <Filter>Source Files</Filter>
    </ClCompile>
    <ClCompile Include="src\TGameCtrl.cpp">
      <Filter>Source Files</Filter>
    </ClCompile>
    <ClCompile Include="src\TGuage.cpp">
      <Filter>Source Files</Filter>
    </ClCompile>
    <ClCompile Include="src\TImage.cpp">
      <Filter>Source Files</Filter>
    </ClCompile>
    <ClCompile Include="src\TIme2.cpp">
      <Filter>Source Files</Filter>
    </ClCompile>
    <ClCompile Include="src\TListBox.cpp">
      <Filter>Source Files</Filter>
    </ClCompile>
    <ClCompile Include="src\TListCellRenderer.cpp">
      <Filter>Source Files</Filter>
    </ClCompile>
    <ClCompile Include="src\TMsgBox.cpp">
      <Filter>Source Files</Filter>
    </ClCompile>
    <ClCompile Include="src\TObject.cpp">
      <Filter>Source Files</Filter>
    </ClCompile>
    <ClCompile Include="src\TPane.cpp">
      <Filter>Source Files</Filter>
    </ClCompile>
    <ClCompile Include="src\TPushButton.cpp">
      <Filter>Source Files</Filter>
    </ClCompile>
    <ClCompile Include="src\TRadioBox.cpp">
      <Filter>Source Files</Filter>
    </ClCompile>
    <ClCompile Include="src\TRadioButton.cpp">
      <Filter>Source Files</Filter>
    </ClCompile>
    <ClCompile Include="src\Tree.cpp">
      <Filter>Source Files</Filter>
    </ClCompile>
    <ClCompile Include="src\TreePath.cpp">
      <Filter>Source Files</Filter>
    </ClCompile>
    <ClCompile Include="src\TScrollBar.cpp">
      <Filter>Source Files</Filter>
    </ClCompile>
    <ClCompile Include="src\TScrollBarType.cpp">
      <Filter>Source Files</Filter>
    </ClCompile>
    <ClCompile Include="src\TScrollBox.cpp">
      <Filter>Source Files</Filter>
    </ClCompile>
    <ClCompile Include="src\TScrollBoxType.cpp">
      <Filter>Source Files</Filter>
    </ClCompile>
    <ClCompile Include="src\TSlider.cpp">
      <Filter>Source Files</Filter>
    </ClCompile>
    <ClCompile Include="src\TSplitString.cpp">
      <Filter>Source Files</Filter>
    </ClCompile>
    <ClCompile Include="src\TStatic.cpp">
      <Filter>Source Files</Filter>
    </ClCompile>
    <ClCompile Include="src\TStatusBar.cpp">
      <Filter>Source Files</Filter>
    </ClCompile>
    <ClCompile Include="src\WinCtrl.cpp">
      <Filter>Source Files</Filter>
    </ClCompile>
    <ClCompile Include="src\ZListBox.cpp">
      <Filter>Source Files</Filter>
    </ClCompile>
  </ItemGroup>
  <ItemGroup>
    <ClInclude Include="src\stdafx.h">
      <Filter>Source Files</Filter>
    </ClInclude>
    <ClInclude Include="include\tgamectrl\ActionEvent.h">
      <Filter>Header Files</Filter>
    </ClInclude>
    <ClInclude Include="include\tgamectrl\ActionListenerList.h">
      <Filter>Header Files</Filter>
    </ClInclude>
    <ClInclude Include="include\tgamectrl\CEventHandler.h">
      <Filter>Header Files</Filter>
    </ClInclude>
    <ClInclude Include="include\tgamectrl\CToolTip.h">
      <Filter>Header Files</Filter>
    </ClInclude>
    <ClInclude Include="include\tgamectrl\IActionListener.h">
      <Filter>Header Files</Filter>
    </ClInclude>
    <ClInclude Include="include\tgamectrl\IListCellRenderer.h">
      <Filter>Header Files</Filter>
    </ClInclude>
    <ClInclude Include="include\tgamectrl\ImageIDMgr.h">
      <Filter>Header Files</Filter>
    </ClInclude>
    <ClInclude Include="include\tgamectrl\ImeView.h">
      <Filter>Header Files</Filter>
    </ClInclude>
    <ClInclude Include="include\tgamectrl\IScrollModel.h">
      <Filter>Header Files</Filter>
    </ClInclude>
    <ClInclude Include="include\tgamectrl\ITControl.h">
      <Filter>Header Files</Filter>
    </ClInclude>
    <ClInclude Include="include\tgamectrl\ITDraw.h">
      <Filter>Header Files</Filter>
    </ClInclude>
    <ClInclude Include="include\tgamectrl\ITFont.h">
      <Filter>Header Files</Filter>
    </ClInclude>
    <ClInclude Include="include\tgamectrl\ITreeModel.h">
      <Filter>Header Files</Filter>
    </ClInclude>
    <ClInclude Include="include\tgamectrl\ITreeNode.h">
      <Filter>Header Files</Filter>
    </ClInclude>
    <ClInclude Include="include\tgamectrl\ITreeNodeRenderer.h">
      <Filter>Header Files</Filter>
    </ClInclude>
    <ClInclude Include="include\tgamectrl\ITSound.h">
      <Filter>Header Files</Filter>
    </ClInclude>
    <ClInclude Include="include\tgamectrl\JComboBox.h">
      <Filter>Header Files</Filter>
    </ClInclude>
    <ClInclude Include="include\tgamectrl\JContainer.h">
      <Filter>Header Files</Filter>
    </ClInclude>
    <ClInclude Include="include\tgamectrl\JLetter.h">
      <Filter>Header Files</Filter>
    </ClInclude>
    <ClInclude Include="include\tgamectrl\JListBox.h">
      <Filter>Header Files</Filter>
    </ClInclude>
    <ClInclude Include="include\tgamectrl\JString.h">
      <Filter>Header Files</Filter>
    </ClInclude>
    <ClInclude Include="include\tgamectrl\JStringParser.h">
      <Filter>Header Files</Filter>
    </ClInclude>
    <ClInclude Include="include\tgamectrl\JTable.h">
      <Filter>Header Files</Filter>
    </ClInclude>
    <ClInclude Include="include\tgamectrl\resource.h">
      <Filter>Header Files</Filter>
    </ClInclude>
    <ClInclude Include="include\tgamectrl\ResourceMgr.h">
      <Filter>Header Files</Filter>
    </ClInclude>
    <ClInclude Include="include\tgamectrl\SinglelineString.h">
      <Filter>Header Files</Filter>
    </ClInclude>
    <ClInclude Include="include\tgamectrl\SplitHangul.h">
      <Filter>Header Files</Filter>
    </ClInclude>
    <ClInclude Include="include\tgamectrl\TabbedPane.h">
      <Filter>Header Files</Filter>
    </ClInclude>
    <ClInclude Include="include\tgamectrl\TAnimation.h">
      <Filter>Header Files</Filter>
    </ClInclude>
    <ClInclude Include="include\tgamectrl\TButton.h">
      <Filter>Header Files</Filter>
    </ClInclude>
    <ClInclude Include="include\tgamectrl\TCandidateWindow.h">
      <Filter>Header Files</Filter>
    </ClInclude>
    <ClInclude Include="include\tgamectrl\TCandidateWindowHanja.h">
      <Filter>Header Files</Filter>
    </ClInclude>
    <ClInclude Include="include\tgamectrl\TCandidateWindowList.h">
      <Filter>Header Files</Filter>
    </ClInclude>
    <ClInclude Include="include\tgamectrl\TCaption.h">
      <Filter>Header Files</Filter>
    </ClInclude>
    <ClInclude Include="include\tgamectrl\TCheckBox.h">
      <Filter>Header Files</Filter>
    </ClInclude>
    <ClInclude Include="include\tgamectrl\TComboBox.h">
      <Filter>Header Files</Filter>
    </ClInclude>
    <ClInclude Include="include\tgamectrl\TCommand.h">
      <Filter>Header Files</Filter>
    </ClInclude>
    <ClInclude Include="include\tgamectrl\TCommandQ.h">
      <Filter>Header Files</Filter>
    </ClInclude>
    <ClInclude Include="include\tgamectrl\TContainer.h">
      <Filter>Header Files</Filter>
    </ClInclude>
    <ClInclude Include="include\tgamectrl\TContainerItem.h">
      <Filter>Header Files</Filter>
    </ClInclude>
    <ClInclude Include="include\tgamectrl\TControlMgr.h">
      <Filter>Header Files</Filter>
    </ClInclude>
    <ClInclude Include="include\tgamectrl\TDefaultListCellRenderer.h">
      <Filter>Header Files</Filter>
    </ClInclude>
    <ClInclude Include="include\tgamectrl\TDefaultTreeModel.h">
      <Filter>Header Files</Filter>
    </ClInclude>
    <ClInclude Include="include\tgamectrl\TDefaultTreeNode.h">
      <Filter>Header Files</Filter>
    </ClInclude>
    <ClInclude Include="include\tgamectrl\TDefaultTreeNodeRenderer.h">
      <Filter>Header Files</Filter>
    </ClInclude>
    <ClInclude Include="include\tgamectrl\TDialog.h">
      <Filter>Header Files</Filter>
    </ClInclude>
    <ClInclude Include="include\tgamectrl\TEditBox.h">
      <Filter>Header Files</Filter>
    </ClInclude>
    <ClInclude Include="include\tgamectrl\TFrame.h">
      <Filter>Header Files</Filter>
    </ClInclude>
    <ClInclude Include="include\tgamectrl\TGameCtrl.h">
      <Filter>Header Files</Filter>
    </ClInclude>
    <ClInclude Include="include\tgamectrl\TGuage.h">
      <Filter>Header Files</Filter>
    </ClInclude>
    <ClInclude Include="include\tgamectrl\TImage.h">
      <Filter>Header Files</Filter>
    </ClInclude>
    <ClInclude Include="include\tgamectrl\TIme2.h">
      <Filter>Header Files</Filter>
    </ClInclude>
    <ClInclude Include="include\tgamectrl\TListBox.h">
      <Filter>Header Files</Filter>
    </ClInclude>
    <ClInclude Include="include\tgamectrl\TListCellRenderer.h">
      <Filter>Header Files</Filter>
    </ClInclude>
    <ClInclude Include="include\tgamectrl\TMsgBox.h">
      <Filter>Header Files</Filter>
    </ClInclude>
    <ClInclude Include="include\tgamectrl\TObject.h">
      <Filter>Header Files</Filter>
    </ClInclude>
    <ClInclude Include="include\tgamectrl\TPane.h">
      <Filter>Header Files</Filter>
    </ClInclude>
    <ClInclude Include="include\tgamectrl\TPushButton.h">
      <Filter>Header Files</Filter>
    </ClInclude>
    <ClInclude Include="include\tgamectrl\TRadioBox.h">
      <Filter>Header Files</Filter>
    </ClInclude>
    <ClInclude Include="include\tgamectrl\TRadioButton.h">
      <Filter>Header Files</Filter>
    </ClInclude>
    <ClInclude Include="include\tgamectrl\Tree.h">
      <Filter>Header Files</Filter>
    </ClInclude>
    <ClInclude Include="include\tgamectrl\TreePath.h">
      <Filter>Header Files</Filter>
    </ClInclude>
    <ClInclude Include="include\tgamectrl\TScrollBar.h">
      <Filter>Header Files</Filter>
    </ClInclude>
    <ClInclude Include="include\tgamectrl\TScrollBarType.h">
      <Filter>Header Files</Filter>
    </ClInclude>
    <ClInclude Include="include\tgamectrl\TScrollBox.h">
      <Filter>Header Files</Filter>
    </ClInclude>
    <ClInclude Include="include\tgamectrl\TScrollBoxType.h">
      <Filter>Header Files</Filter>
    </ClInclude>
    <ClInclude Include="include\tgamectrl\TSlider.h">
      <Filter>Header Files</Filter>
    </ClInclude>
    <ClInclude Include="include\tgamectrl\TSplitString.h">
      <Filter>Header Files</Filter>
    </ClInclude>
    <ClInclude Include="include\tgamectrl\TStatic.h">
      <Filter>Header Files</Filter>
    </ClInclude>
    <ClInclude Include="include\tgamectrl\TStatusBar.h">
      <Filter>Header Files</Filter>
    </ClInclude>
    <ClInclude Include="include\tgamectrl\winctrl.h">
      <Filter>Header Files</Filter>
    </ClInclude>
    <ClInclude Include="include\tgamectrl\ZListBox.h">
      <Filter>Header Files</Filter>
    </ClInclude>
  </ItemGroup>
</Project>